
Microsoft Visual Studio Solution File, Format Version 12.00
# Visual Studio 15
VisualStudioVersion = 15.0.28307.489
MinimumVisualStudioVersion = 10.0.40219.1
Project("{FAE04EC0-301F-11D3-BF4B-00C04F79EFBC}") = "OtagujPlikiApp", "OtagujPlikiApp\OtagujPlikiApp.csproj", "{38818FEB-D760-4803-9DB2-D01206E5CC55}"
EndProject
Project("{FAE04EC0-301F-11D3-BF4B-00C04F79EFBC}") = "config", "config\config.csproj", "{A1C426AE-0CB4-4143-9179-ED1142CF6A7B}"
EndProject
Project("{FAE04EC0-301F-11D3-BF4B-00C04F79EFBC}") = "OtagujPlikiTestApp", "..\Tests\OtagujPlikiTestApp\OtagujPlikiTestApp.csproj", "{79B776F1-38EB-4380-8D57-2EE3C6D49EF8}"
EndProject
Global
	GlobalSection(SolutionConfigurationPlatforms) = preSolution
		Debug|Any CPU = Debug|Any CPU
		Release|Any CPU = Release|Any CPU
	EndGlobalSection
	GlobalSection(ProjectConfigurationPlatforms) = postSolution
		{38818FEB-D760-4803-9DB2-D01206E5CC55}.Debug|Any CPU.ActiveCfg = Debug|Any CPU
		{38818FEB-D760-4803-9DB2-D01206E5CC55}.Debug|Any CPU.Build.0 = Debug|Any CPU
		{38818FEB-D760-4803-9DB2-D01206E5CC55}.Release|Any CPU.ActiveCfg = Release|Any CPU
		{38818FEB-D760-4803-9DB2-D01206E5CC55}.Release|Any CPU.Build.0 = Release|Any CPU
		{A1C426AE-0CB4-4143-9179-ED1142CF6A7B}.Debug|Any CPU.ActiveCfg = Debug|Any CPU
		{A1C426AE-0CB4-4143-9179-ED1142CF6A7B}.Debug|Any CPU.Build.0 = Debug|Any CPU
		{A1C426AE-0CB4-4143-9179-ED1142CF6A7B}.Release|Any CPU.ActiveCfg = Release|Any CPU
		{A1C426AE-0CB4-4143-9179-ED1142CF6A7B}.Release|Any CPU.Build.0 = Release|Any CPU
		{79B776F1-38EB-4380-8D57-2EE3C6D49EF8}.Debug|Any CPU.ActiveCfg = Debug|Any CPU
		{79B776F1-38EB-4380-8D57-2EE3C6D49EF8}.Debug|Any CPU.Build.0 = Debug|Any CPU
		{79B776F1-38EB-4380-8D57-2EE3C6D49EF8}.Release|Any CPU.ActiveCfg = Release|Any CPU
		{79B776F1-38EB-4380-8D57-2EE3C6D49EF8}.Release|Any CPU.Build.0 = Release|Any CPU
	EndGlobalSection
	GlobalSection(SolutionProperties) = preSolution
		HideSolutionNode = FALSE
	EndGlobalSection
	GlobalSection(ExtensibilityGlobals) = postSolution
		SolutionGuid = {5293FD74-1BF6-4801-88F3-6288B8AB4FF0}
	EndGlobalSection
EndGlobal
