
Microsoft Visual Studio Solution File, Format Version 12.00
# Visual Studio Version 16
VisualStudioVersion = 16.0.29613.14
MinimumVisualStudioVersion = 10.0.40219.1
Project("{FAE04EC0-301F-11D3-BF4B-00C04F79EFBC}") = "config", "config\config.csproj", "{A1C426AE-0CB4-4143-9179-ED1142CF6A7B}"
EndProject
Project("{FAE04EC0-301F-11D3-BF4B-00C04F79EFBC}") = "OtagujPlikiTests", "..\Tests\OtagujPlikiTests\OtagujPlikiTests.csproj", "{43E0BC08-0A55-4CCC-B188-EC933A8628CC}"
EndProject
Project("{FAE04EC0-301F-11D3-BF4B-00C04F79EFBC}") = "OtagujPlikiInterface", "OtagujPlikiInterface\OtagujPlikiInterface.csproj", "{0544E799-5FE3-44F6-BA46-BFD3D49F3420}"
EndProject
Project("{FAE04EC0-301F-11D3-BF4B-00C04F79EFBC}") = "OtagujPlikiApp", "OtagujPlikiApp\OtagujPlikiApp.csproj", "{40160E3E-3DE2-41FD-AB51-151927637F8E}"
EndProject
Global
	GlobalSection(SolutionConfigurationPlatforms) = preSolution
		Debug|Any CPU = Debug|Any CPU
		Release|Any CPU = Release|Any CPU
	EndGlobalSection
	GlobalSection(ProjectConfigurationPlatforms) = postSolution
		{A1C426AE-0CB4-4143-9179-ED1142CF6A7B}.Debug|Any CPU.ActiveCfg = Debug|Any CPU
		{A1C426AE-0CB4-4143-9179-ED1142CF6A7B}.Debug|Any CPU.Build.0 = Debug|Any CPU
		{A1C426AE-0CB4-4143-9179-ED1142CF6A7B}.Release|Any CPU.ActiveCfg = Release|Any CPU
		{A1C426AE-0CB4-4143-9179-ED1142CF6A7B}.Release|Any CPU.Build.0 = Release|Any CPU
		{43E0BC08-0A55-4CCC-B188-EC933A8628CC}.Debug|Any CPU.ActiveCfg = Debug|Any CPU
		{43E0BC08-0A55-4CCC-B188-EC933A8628CC}.Debug|Any CPU.Build.0 = Debug|Any CPU
		{43E0BC08-0A55-4CCC-B188-EC933A8628CC}.Release|Any CPU.ActiveCfg = Release|Any CPU
		{43E0BC08-0A55-4CCC-B188-EC933A8628CC}.Release|Any CPU.Build.0 = Release|Any CPU
		{0544E799-5FE3-44F6-BA46-BFD3D49F3420}.Debug|Any CPU.ActiveCfg = Debug|Any CPU
		{0544E799-5FE3-44F6-BA46-BFD3D49F3420}.Debug|Any CPU.Build.0 = Debug|Any CPU
		{0544E799-5FE3-44F6-BA46-BFD3D49F3420}.Release|Any CPU.ActiveCfg = Release|Any CPU
		{0544E799-5FE3-44F6-BA46-BFD3D49F3420}.Release|Any CPU.Build.0 = Release|Any CPU
		{40160E3E-3DE2-41FD-AB51-151927637F8E}.Debug|Any CPU.ActiveCfg = Debug|Any CPU
		{40160E3E-3DE2-41FD-AB51-151927637F8E}.Debug|Any CPU.Build.0 = Debug|Any CPU
		{40160E3E-3DE2-41FD-AB51-151927637F8E}.Release|Any CPU.ActiveCfg = Release|Any CPU
		{40160E3E-3DE2-41FD-AB51-151927637F8E}.Release|Any CPU.Build.0 = Release|Any CPU
	EndGlobalSection
	GlobalSection(SolutionProperties) = preSolution
		HideSolutionNode = FALSE
	EndGlobalSection
	GlobalSection(ExtensibilityGlobals) = postSolution
		SolutionGuid = {5293FD74-1BF6-4801-88F3-6288B8AB4FF0}
	EndGlobalSection
EndGlobal
